// !$*UTF8*$!
{
	archiveVersion = 1;
	classes = {
	};
	objectVersion = 46;
	objects = {

/* Begin PBXBuildFile section */
		4C3CEFC91EB9867B00B041AD /* UpperTabBarController.m in Sources */ = {isa = PBXBuildFile; fileRef = 4C3CEFC81EB9867B00B041AD /* UpperTabBarController.m */; };
		4C3CEFCD1EB9CB0A00B041AD /* CustomView.m in Sources */ = {isa = PBXBuildFile; fileRef = 4C3CEFCC1EB9CB0A00B041AD /* CustomView.m */; };
		4CA2C5831EB8377700DFD9EC /* main.m in Sources */ = {isa = PBXBuildFile; fileRef = 4CA2C5821EB8377700DFD9EC /* main.m */; };
		4CA2C5861EB8377700DFD9EC /* AppDelegate.m in Sources */ = {isa = PBXBuildFile; fileRef = 4CA2C5851EB8377700DFD9EC /* AppDelegate.m */; };
		4CA2C5891EB8377700DFD9EC /* TabBarController.m in Sources */ = {isa = PBXBuildFile; fileRef = 4CA2C5881EB8377700DFD9EC /* TabBarController.m */; };
		4CA2C58C1EB8377700DFD9EC /* Main.storyboard in Resources */ = {isa = PBXBuildFile; fileRef = 4CA2C58A1EB8377700DFD9EC /* Main.storyboard */; };
		4CA2C58E1EB8377700DFD9EC /* Assets.xcassets in Resources */ = {isa = PBXBuildFile; fileRef = 4CA2C58D1EB8377700DFD9EC /* Assets.xcassets */; };
		4CA2C5911EB8377700DFD9EC /* LaunchScreen.storyboard in Resources */ = {isa = PBXBuildFile; fileRef = 4CA2C58F1EB8377700DFD9EC /* LaunchScreen.storyboard */; };
/* End PBXBuildFile section */

/* Begin PBXFileReference section */
		4C3CEFC71EB9867B00B041AD /* UpperTabBarController.h */ = {isa = PBXFileReference; fileEncoding = 4; lastKnownFileType = sourcecode.c.h; path = UpperTabBarController.h; sourceTree = "<group>"; };
		4C3CEFC81EB9867B00B041AD /* UpperTabBarController.m */ = {isa = PBXFileReference; fileEncoding = 4; lastKnownFileType = sourcecode.c.objc; path = UpperTabBarController.m; sourceTree = "<group>"; };
		4C3CEFCB1EB9CB0A00B041AD /* CustomView.h */ = {isa = PBXFileReference; fileEncoding = 4; lastKnownFileType = sourcecode.c.h; path = CustomView.h; sourceTree = "<group>"; };
		4C3CEFCC1EB9CB0A00B041AD /* CustomView.m */ = {isa = PBXFileReference; fileEncoding = 4; lastKnownFileType = sourcecode.c.objc; path = CustomView.m; sourceTree = "<group>"; };
		4CA2C57E1EB8377700DFD9EC /* CustomerTabBarView.app */ = {isa = PBXFileReference; explicitFileType = wrapper.application; includeInIndex = 0; path = CustomerTabBarView.app; sourceTree = BUILT_PRODUCTS_DIR; };
		4CA2C5821EB8377700DFD9EC /* main.m */ = {isa = PBXFileReference; lastKnownFileType = sourcecode.c.objc; path = main.m; sourceTree = "<group>"; };
		4CA2C5841EB8377700DFD9EC /* AppDelegate.h */ = {isa = PBXFileReference; lastKnownFileType = sourcecode.c.h; path = AppDelegate.h; sourceTree = "<group>"; };
		4CA2C5851EB8377700DFD9EC /* AppDelegate.m */ = {isa = PBXFileReference; lastKnownFileType = sourcecode.c.objc; path = AppDelegate.m; sourceTree = "<group>"; };
		4CA2C5871EB8377700DFD9EC /* TabBarController.h */ = {isa = PBXFileReference; lastKnownFileType = sourcecode.c.h; path = TabBarController.h; sourceTree = "<group>"; };
		4CA2C5881EB8377700DFD9EC /* TabBarController.m */ = {isa = PBXFileReference; lastKnownFileType = sourcecode.c.objc; path = TabBarController.m; sourceTree = "<group>"; };
		4CA2C58B1EB8377700DFD9EC /* Base */ = {isa = PBXFileReference; lastKnownFileType = file.storyboard; name = Base; path = Base.lproj/Main.storyboard; sourceTree = "<group>"; };
		4CA2C58D1EB8377700DFD9EC /* Assets.xcassets */ = {isa = PBXFileReference; lastKnownFileType = folder.assetcatalog; path = Assets.xcassets; sourceTree = "<group>"; };
		4CA2C5901EB8377700DFD9EC /* Base */ = {isa = PBXFileReference; lastKnownFileType = file.storyboard; name = Base; path = Base.lproj/LaunchScreen.storyboard; sourceTree = "<group>"; };
		4CA2C5921EB8377700DFD9EC /* Info.plist */ = {isa = PBXFileReference; lastKnownFileType = text.plist.xml; path = Info.plist; sourceTree = "<group>"; };
/* End PBXFileReference section */

/* Begin PBXFrameworksBuildPhase section */
		4CA2C57B1EB8377700DFD9EC /* Frameworks */ = {
			isa = PBXFrameworksBuildPhase;
			buildActionMask = 2147483647;
			files = (
			);
			runOnlyForDeploymentPostprocessing = 0;
		};
/* End PBXFrameworksBuildPhase section */

/* Begin PBXGroup section */
		4C3CEFCA1EB9CADB00B041AD /* view */ = {
			isa = PBXGroup;
			children = (
				4C3CEFCB1EB9CB0A00B041AD /* CustomView.h */,
				4C3CEFCC1EB9CB0A00B041AD /* CustomView.m */,
			);
			name = view;
			sourceTree = "<group>";
		};
		4CA2C5751EB8377700DFD9EC = {
			isa = PBXGroup;
			children = (
				4CA2C5801EB8377700DFD9EC /* CustomerTabBarView */,
				4CA2C57F1EB8377700DFD9EC /* Products */,
			);
			sourceTree = "<group>";
		};
		4CA2C57F1EB8377700DFD9EC /* Products */ = {
			isa = PBXGroup;
			children = (
				4CA2C57E1EB8377700DFD9EC /* CustomerTabBarView.app */,
			);
			name = Products;
			sourceTree = "<group>";
		};
		4CA2C5801EB8377700DFD9EC /* CustomerTabBarView */ = {
			isa = PBXGroup;
			children = (
				4C3CEFCA1EB9CADB00B041AD /* view */,
				4CA2C5841EB8377700DFD9EC /* AppDelegate.h */,
				4CA2C5851EB8377700DFD9EC /* AppDelegate.m */,
				4CA2C5871EB8377700DFD9EC /* TabBarController.h */,
				4CA2C5881EB8377700DFD9EC /* TabBarController.m */,
				4CA2C58A1EB8377700DFD9EC /* Main.storyboard */,
				4CA2C58D1EB8377700DFD9EC /* Assets.xcassets */,
				4CA2C58F1EB8377700DFD9EC /* LaunchScreen.storyboard */,
				4CA2C5921EB8377700DFD9EC /* Info.plist */,
				4CA2C5811EB8377700DFD9EC /* Supporting Files */,
				4C3CEFC71EB9867B00B041AD /* UpperTabBarController.h */,
				4C3CEFC81EB9867B00B041AD /* UpperTabBarController.m */,
			);
			path = CustomerTabBarView;
			sourceTree = "<group>";
		};
		4CA2C5811EB8377700DFD9EC /* Supporting Files */ = {
			isa = PBXGroup;
			children = (
				4CA2C5821EB8377700DFD9EC /* main.m */,
			);
			name = "Supporting Files";
			sourceTree = "<group>";
		};
/* End PBXGroup section */

/* Begin PBXNativeTarget section */
		4CA2C57D1EB8377700DFD9EC /* CustomerTabBarView */ = {
			isa = PBXNativeTarget;
			buildConfigurationList = 4CA2C5951EB8377700DFD9EC /* Build configuration list for PBXNativeTarget "CustomerTabBarView" */;
			buildPhases = (
				4CA2C57A1EB8377700DFD9EC /* Sources */,
				4CA2C57B1EB8377700DFD9EC /* Frameworks */,
				4CA2C57C1EB8377700DFD9EC /* Resources */,
			);
			buildRules = (
			);
			dependencies = (
			);
			name = CustomerTabBarView;
			productName = CustomerTabBarView;
			productReference = 4CA2C57E1EB8377700DFD9EC /* CustomerTabBarView.app */;
			productType = "com.apple.product-type.application";
		};
/* End PBXNativeTarget section */

/* Begin PBXProject section */
		4CA2C5761EB8377700DFD9EC /* Project object */ = {
			isa = PBXProject;
			attributes = {
				LastUpgradeCheck = 0830;
				ORGANIZATIONNAME = pccw;
				TargetAttributes = {
					4CA2C57D1EB8377700DFD9EC = {
						CreatedOnToolsVersion = 8.3;
						DevelopmentTeam = 326BTDZ5J6;
						ProvisioningStyle = Automatic;
					};
				};
			};
			buildConfigurationList = 4CA2C5791EB8377700DFD9EC /* Build configuration list for PBXProject "CustomerTabBarView" */;
			compatibilityVersion = "Xcode 3.2";
			developmentRegion = English;
			hasScannedForEncodings = 0;
			knownRegions = (
				en,
				Base,
			);
			mainGroup = 4CA2C5751EB8377700DFD9EC;
			productRefGroup = 4CA2C57F1EB8377700DFD9EC /* Products */;
			projectDirPath = "";
			projectRoot = "";
			targets = (
				4CA2C57D1EB8377700DFD9EC /* CustomerTabBarView */,
			);
		};
/* End PBXProject section */

/* Begin PBXResourcesBuildPhase section */
		4CA2C57C1EB8377700DFD9EC /* Resources */ = {
			isa = PBXResourcesBuildPhase;
			buildActionMask = 2147483647;
			files = (
				4CA2C5911EB8377700DFD9EC /* LaunchScreen.storyboard in Resources */,
				4CA2C58E1EB8377700DFD9EC /* Assets.xcassets in Resources */,
				4CA2C58C1EB8377700DFD9EC /* Main.storyboard in Resources */,
			);
			runOnlyForDeploymentPostprocessing = 0;
		};
/* End PBXResourcesBuildPhase section */

/* Begin PBXSourcesBuildPhase section */
		4CA2C57A1EB8377700DFD9EC /* Sources */ = {
			isa = PBXSourcesBuildPhase;
			buildActionMask = 2147483647;
			files = (
				4C3CEFCD1EB9CB0A00B041AD /* CustomView.m in Sources */,
				4CA2C5891EB8377700DFD9EC /* TabBarController.m in Sources */,
				4CA2C5861EB8377700DFD9EC /* AppDelegate.m in Sources */,
				4C3CEFC91EB9867B00B041AD /* UpperTabBarController.m in Sources */,
				4CA2C5831EB8377700DFD9EC /* main.m in Sources */,
			);
			runOnlyForDeploymentPostprocessing = 0;
		};
/* End PBXSourcesBuildPhase section */

/* Begin PBXVariantGroup section */
		4CA2C58A1EB8377700DFD9EC /* Main.storyboard */ = {
			isa = PBXVariantGroup;
			children = (
				4CA2C58B1EB8377700DFD9EC /* Base */,
			);
			name = Main.storyboard;
			sourceTree = "<group>";
		};
		4CA2C58F1EB8377700DFD9EC /* LaunchScreen.storyboard */ = {
			isa = PBXVariantGroup;
			children = (
				4CA2C5901EB8377700DFD9EC /* Base */,
			);
			name = LaunchScreen.storyboard;
			sourceTree = "<group>";
		};
/* End PBXVariantGroup section */

/* Begin XCBuildConfiguration section */
		4CA2C5931EB8377700DFD9EC /* Debug */ = {
			isa = XCBuildConfiguration;
			buildSettings = {
				ALWAYS_SEARCH_USER_PATHS = NO;
				CLANG_ANALYZER_NONNULL = YES;
				CLANG_ANALYZER_NUMBER_OBJECT_CONVERSION = YES_AGGRESSIVE;
				CLANG_CXX_LANGUAGE_STANDARD = "gnu++0x";
				CLANG_CXX_LIBRARY = "libc++";
				CLANG_ENABLE_MODULES = YES;
				CLANG_ENABLE_OBJC_ARC = YES;
				CLANG_WARN_BOOL_CONVERSION = YES;
				CLANG_WARN_CONSTANT_CONVERSION = YES;
				CLANG_WARN_DIRECT_OBJC_ISA_USAGE = YES_ERROR;
				CLANG_WARN_DOCUMENTATION_COMMENTS = YES;
				CLANG_WARN_EMPTY_BODY = YES;
				CLANG_WARN_ENUM_CONVERSION = YES;
				CLANG_WARN_INFINITE_RECURSION = YES;
				CLANG_WARN_INT_CONVERSION = YES;
				CLANG_WARN_OBJC_ROOT_CLASS = YES_ERROR;
				CLANG_WARN_SUSPICIOUS_MOVE = YES;
				CLANG_WARN_UNREACHABLE_CODE = YES;
				CLANG_WARN__DUPLICATE_METHOD_MATCH = YES;
				"CODE_SIGN_IDENTITY[sdk=iphoneos*]" = "iPhone Developer";
				COPY_PHASE_STRIP = NO;
				DEBUG_INFORMATION_FORMAT = dwarf;
				ENABLE_STRICT_OBJC_MSGSEND = YES;
				ENABLE_TESTABILITY = YES;
				GCC_C_LANGUAGE_STANDARD = gnu99;
				GCC_DYNAMIC_NO_PIC = NO;
				GCC_NO_COMMON_BLOCKS = YES;
				GCC_OPTIMIZATION_LEVEL = 0;
				GCC_PREPROCESSOR_DEFINITIONS = (
					"DEBUG=1",
					"$(inherited)",
				);
				GCC_WARN_64_TO_32_BIT_CONVERSION = YES;
				GCC_WARN_ABOUT_RETURN_TYPE = YES_ERROR;
				GCC_WARN_UNDECLARED_SELECTOR = YES;
				GCC_WARN_UNINITIALIZED_AUTOS = YES_AGGRESSIVE;
				GCC_WARN_UNUSED_FUNCTION = YES;
				GCC_WARN_UNUSED_VARIABLE = YES;
				IPHONEOS_DEPLOYMENT_TARGET = 10.3;
				MTL_ENABLE_DEBUG_INFO = YES;
				ONLY_ACTIVE_ARCH = YES;
				SDKROOT = iphoneos;
			};
			name = Debug;
		};
		4CA2C5941EB8377700DFD9EC /* Release */ = {
			isa = XCBuildConfiguration;
			buildSettings = {
				ALWAYS_SEARCH_USER_PATHS = NO;
				CLANG_ANALYZER_NONNULL = YES;
				CLANG_ANALYZER_NUMBER_OBJECT_CONVERSION = YES_AGGRESSIVE;
				CLANG_CXX_LANGUAGE_STANDARD = "gnu++0x";
				CLANG_CXX_LIBRARY = "libc++";
				CLANG_ENABLE_MODULES = YES;
				CLANG_ENABLE_OBJC_ARC = YES;
				CLANG_WARN_BOOL_CONVERSION = YES;
				CLANG_WARN_CONSTANT_CONVERSION = YES;
				CLANG_WARN_DIRECT_OBJC_ISA_USAGE = YES_ERROR;
				CLANG_WARN_DOCUMENTATION_COMMENTS = YES;
				CLANG_WARN_EMPTY_BODY = YES;
				CLANG_WARN_ENUM_CONVERSION = YES;
				CLANG_WARN_INFINITE_RECURSION = YES;
				CLANG_WARN_INT_CONVERSION = YES;
				CLANG_WARN_OBJC_ROOT_CLASS = YES_ERROR;
				CLANG_WARN_SUSPICIOUS_MOVE = YES;
				CLANG_WARN_UNREACHABLE_CODE = YES;
				CLANG_WARN__DUPLICATE_METHOD_MATCH = YES;
				"CODE_SIGN_IDENTITY[sdk=iphoneos*]" = "iPhone Developer";
				COPY_PHASE_STRIP = NO;
				DEBUG_INFORMATION_FORMAT = "dwarf-with-dsym";
				ENABLE_NS_ASSERTIONS = NO;
				ENABLE_STRICT_OBJC_MSGSEND = YES;
				GCC_C_LANGUAGE_STANDARD = gnu99;
				GCC_NO_COMMON_BLOCKS = YES;
				GCC_WARN_64_TO_32_BIT_CONVERSION = YES;
				GCC_WARN_ABOUT_RETURN_TYPE = YES_ERROR;
				GCC_WARN_UNDECLARED_SELECTOR = YES;
				GCC_WARN_UNINITIALIZED_AUTOS = YES_AGGRESSIVE;
				GCC_WARN_UNUSED_FUNCTION = YES;
				GCC_WARN_UNUSED_VARIABLE = YES;
				IPHONEOS_DEPLOYMENT_TARGET = 10.3;
				MTL_ENABLE_DEBUG_INFO = NO;
				SDKROOT = iphoneos;
				VALIDATE_PRODUCT = YES;
			};
			name = Release;
		};
		4CA2C5961EB8377700DFD9EC /* Debug */ = {
			isa = XCBuildConfiguration;
			buildSettings = {
				ASSETCATALOG_COMPILER_APPICON_NAME = AppIcon;
				DEVELOPMENT_TEAM = 326BTDZ5J6;
				INFOPLIST_FILE = CustomerTabBarView/Info.plist;
				IPHONEOS_DEPLOYMENT_TARGET = 8.0;
				LD_RUNPATH_SEARCH_PATHS = "$(inherited) @executable_path/Frameworks";
				PRODUCT_BUNDLE_IDENTIFIER = com.pccwmobile.CustomerTabBarView;
				PRODUCT_NAME = "$(TARGET_NAME)";
			};
			name = Debug;
		};
		4CA2C5971EB8377700DFD9EC /* Release */ = {
			isa = XCBuildConfiguration;
			buildSettings = {
				ASSETCATALOG_COMPILER_APPICON_NAME = AppIcon;
				DEVELOPMENT_TEAM = 326BTDZ5J6;
				INFOPLIST_FILE = CustomerTabBarView/Info.plist;
				IPHONEOS_DEPLOYMENT_TARGET = 8.0;
				LD_RUNPATH_SEARCH_PATHS = "$(inherited) @executable_path/Frameworks";
				PRODUCT_BUNDLE_IDENTIFIER = com.pccwmobile.CustomerTabBarView;
				PRODUCT_NAME = "$(TARGET_NAME)";
			};
			name = Release;
		};
/* End XCBuildConfiguration section */

/* Begin XCConfigurationList section */
		4CA2C5791EB8377700DFD9EC /* Build configuration list for PBXProject "CustomerTabBarView" */ = {
			isa = XCConfigurationList;
			buildConfigurations = (
				4CA2C5931EB8377700DFD9EC /* Debug */,
				4CA2C5941EB8377700DFD9EC /* Release */,
			);
			defaultConfigurationIsVisible = 0;
			defaultConfigurationName = Release;
		};
		4CA2C5951EB8377700DFD9EC /* Build configuration list for PBXNativeTarget "CustomerTabBarView" */ = {
			isa = XCConfigurationList;
			buildConfigurations = (
				4CA2C5961EB8377700DFD9EC /* Debug */,
				4CA2C5971EB8377700DFD9EC /* Release */,
			);
			defaultConfigurationIsVisible = 0;
			defaultConfigurationName = Release;
		};
/* End XCConfigurationList section */
	};
	rootObject = 4CA2C5761EB8377700DFD9EC /* Project object */;
}
